
Microsoft Visual Studio Solution File, Format Version 12.00
# Visual Studio Version 17
VisualStudioVersion = 17.11.35327.3
MinimumVisualStudioVersion = 10.0.40219.1
Project("{FAE04EC0-301F-11D3-BF4B-00C04F79EFBC}") = "50DersteMvc", "50DersteMvc.csproj", "{D812E0D3-D8B5-4401-A5F8-6E8C34F365FB}"
EndProject
Global
	GlobalSection(SolutionConfigurationPlatforms) = preSolution
		Debug|Any CPU = Debug|Any CPU
		Release|Any CPU = Release|Any CPU
	EndGlobalSection
	GlobalSection(ProjectConfigurationPlatforms) = postSolution
		{D812E0D3-D8B5-4401-A5F8-6E8C34F365FB}.Debug|Any CPU.ActiveCfg = Debug|Any CPU
		{D812E0D3-D8B5-4401-A5F8-6E8C34F365FB}.Debug|Any CPU.Build.0 = Debug|Any CPU
		{D812E0D3-D8B5-4401-A5F8-6E8C34F365FB}.Release|Any CPU.ActiveCfg = Release|Any CPU
		{D812E0D3-D8B5-4401-A5F8-6E8C34F365FB}.Release|Any CPU.Build.0 = Release|Any CPU
	EndGlobalSection
	GlobalSection(SolutionProperties) = preSolution
		HideSolutionNode = FALSE
	EndGlobalSection
	GlobalSection(ExtensibilityGlobals) = postSolution
		SolutionGuid = {E797F093-39AE-4EDA-800A-86E3AE7BE58F}
	EndGlobalSection
EndGlobal
